{
  "name": "talkbot",
  "version": "1.0.0",
  "lockfileVersion": 1,
  "requires": true,
  "dependencies": {
    "@antv/f6-wx": {
      "version": "0.0.7",
      "resolved": "https://registry.npmjs.org/@antv/f6-wx/-/f6-wx-0.0.7.tgz",
      "integrity": "sha512-Q6GKLAWBUZ1H74PpUAPPq+laP+DtdTKnIIeq6FCufVyHOgSlJSf+Jm6aPdASok+oNJvgUDcFWvZS9qLqyV/2TA=="
    },
    "jsbn": {
      "version": "1.1.0",
      "resolved": "https://registry.npmjs.org/jsbn/-/jsbn-1.1.0.tgz",
      "integrity": "sha512-4bYVV3aAMtDTTu4+xsDYa6sy9GyJ69/amsu9sYF2zqjiEoZA5xJi3BrfX3uY+/IekIu7MwdObdbDWpoZdBv3/A=="
    },
    "miniprogram-sm-crypto": {
      "version": "0.3.12",
      "resolved": "https://registry.npmjs.org/miniprogram-sm-crypto/-/miniprogram-sm-crypto-0.3.12.tgz",
      "integrity": "sha512-/Wani+gluE8mD3Q+6VeHTjooLD+mS0lo6kS9FIS3XSCh2m8z446sXrFtmENN6pJgh7iB2YJTyFiXgBihNt2/yw==",
      "requires": {
        "jsbn": "^1.1.0"
      }
    }
  }
}
