{
  "name": "miniprogram",
  "version": "1.0.0",
  "lockfileVersion": 1,
  "requires": true,
  "dependencies": {
    "@antv/algorithm": {
      "version": "0.1.25",
      "resolved": "https://registry.npmjs.org/@antv/algorithm/-/algorithm-0.1.25.tgz",
      "integrity": "sha512-TGwPyFoAu4+iEJd0y1l0gHdBXCbUj8a4gR7P3GzZRfEfRnWfk+gswApzOSTd7c6HP402JOEF64PAJQKxQgSPSQ==",
      "requires": {
        "@antv/util": "^2.0.13",
        "tslib": "^2.0.0"
      }
    },
    "@antv/dom-util": {
      "version": "2.0.4",
      "resolved": "https://registry.npmjs.org/@antv/dom-util/-/dom-util-2.0.4.tgz",
      "integrity": "sha512-2shXUl504fKwt82T3GkuT4Uoc6p9qjCKnJ8gXGLSW4T1W37dqf9AV28aCfoVPHp2BUXpSsB+PAJX2rG/jLHsLQ==",
      "requires": {
        "tslib": "^2.0.3"
      }
    },
    "@antv/event-emitter": {
      "version": "0.1.3",
      "resolved": "https://registry.npmjs.org/@antv/event-emitter/-/event-emitter-0.1.3.tgz",
      "integrity": "sha512-4ddpsiHN9Pd4UIlWuKVK1C4IiZIdbwQvy9i7DUSI3xNJ89FPUFt8lxDYj8GzzfdllV0NkJTRxnG+FvLk0llidg=="
    },
    "@antv/f6-core": {
      "version": "0.0.2",
      "resolved": "https://registry.npmjs.org/@antv/f6-core/-/f6-core-0.0.2.tgz",
      "integrity": "sha512-NzI17p6ygr282l9lCNByxOfRS+nZMpQsbDj5Cudbrp/yvq26qJVlitqz7VFAePSJINJoEG1s7dyR9AlbYJ3MhA==",
      "requires": {
        "@antv/algorithm": "^0.1.8",
        "@antv/dom-util": "^2.0.1",
        "@antv/event-emitter": "~0.1.0",
        "@antv/g-base": "^0.5.9",
        "@antv/g-math": "^0.1.1",
        "@antv/matrix-util": "^3.1.0-beta.2",
        "@antv/path-util": "^2.0.3",
        "@antv/util": "~2.0.5",
        "ml-matrix": "^6.5.0",
        "tslib": "^2.1.0"
      }
    },
    "@antv/f6-hammerjs": {
      "version": "0.0.1",
      "resolved": "https://registry.npmjs.org/@antv/f6-hammerjs/-/f6-hammerjs-0.0.1.tgz",
      "integrity": "sha512-EW012KAWkWMPuCCsAcXxuIuCrgZdjjOV7OHZY6GupKOc+5cNtviWVqsnfg6zQ5063FPARZys/G27TBnESuaX6A=="
    },
    "@antv/f6-plugin": {
      "version": "1.0.6",
      "resolved": "https://registry.npmjs.org/@antv/f6-plugin/-/f6-plugin-1.0.6.tgz",
      "integrity": "sha512-Ulvimp6SuZPztiwxhe/Jzif+JCjBIZwy3ccReJKngeB7sLlTAv9g6Bj+MdG6R9BxSSoFARNx4BIwh54/c1AODg==",
      "requires": {
        "@antv/f6-core": "*",
        "@antv/f6-ui": "^1.0.0",
        "@antv/g-mobile": "^0.0.13",
        "@antv/util": "~2.0.5"
      }
    },
    "@antv/f6-ui": {
      "version": "1.0.3",
      "resolved": "https://registry.npmjs.org/@antv/f6-ui/-/f6-ui-1.0.3.tgz",
      "integrity": "sha512-4r6lA/5nng8DXo0as3Q5+L4SR0RZ0BLBoUNHt2FPZMnoBENbMa4lYDxd2iIvX7yZthChkKdKD8N5wZrQ9OHp9g==",
      "requires": {
        "@antv/g-mobile": "^0.0.13",
        "css-layout": "1.1.1",
        "tslib": "2.3.0"
      },
      "dependencies": {
        "tslib": {
          "version": "2.3.0",
          "resolved": "https://registry.npmjs.org/tslib/-/tslib-2.3.0.tgz",
          "integrity": "sha512-N82ooyxVNm6h1riLCoyS9e3fuJ3AMG2zIZs2Gd1ATcSFjSA23Q0fzjjZeh0jbJvWVDZ0cJT8yaNNaaXHzueNjg=="
        }
      }
    },
    "@antv/f6-wx": {
      "version": "0.0.7",
      "resolved": "https://registry.npmjs.org/@antv/f6-wx/-/f6-wx-0.0.7.tgz",
      "integrity": "sha512-Q6GKLAWBUZ1H74PpUAPPq+laP+DtdTKnIIeq6FCufVyHOgSlJSf+Jm6aPdASok+oNJvgUDcFWvZS9qLqyV/2TA=="
    },
    "@antv/g-base": {
      "version": "0.5.15",
      "resolved": "https://registry.npmjs.org/@antv/g-base/-/g-base-0.5.15.tgz",
      "integrity": "sha512-QOtq50QpnKez9J75/Z8j2yZ7QDQdk8R8mVQJiHtaEO5eI7DM4ZbrsWff/Ew26JYmPWdq7nbRuARMAD4PX9uuLA==",
      "requires": {
        "@antv/event-emitter": "^0.1.1",
        "@antv/g-math": "^0.1.9",
        "@antv/matrix-util": "^3.1.0-beta.1",
        "@antv/path-util": "~2.0.5",
        "@antv/util": "~2.0.13",
        "@types/d3-timer": "^2.0.0",
        "d3-ease": "^1.0.5",
        "d3-interpolate": "^3.0.1",
        "d3-timer": "^1.0.9",
        "detect-browser": "^5.1.0",
        "tslib": "^2.0.3"
      }
    },
    "@antv/g-math": {
      "version": "0.1.9",
      "resolved": "https://registry.npmjs.org/@antv/g-math/-/g-math-0.1.9.tgz",
      "integrity": "sha512-KHMSfPfZ5XHM1PZnG42Q2gxXfOitYveNTA7L61lR6mhZ8Y/aExsYmHqaKBsSarU0z+6WLrl9C07PQJZaw0uljQ==",
      "requires": {
        "@antv/util": "~2.0.0",
        "gl-matrix": "^3.0.0"
      }
    },
    "@antv/g-mobile": {
      "version": "0.0.13",
      "resolved": "https://registry.npmjs.org/@antv/g-mobile/-/g-mobile-0.0.13.tgz",
      "integrity": "sha512-SwX3xiFjURqfdwDAFzQYRvpgDqxnaF8Rcih8snjJqJb76Ugf9QCRX1X5VpewVhBIpeAVge23hNMu6kLoC+XvgQ==",
      "requires": {
        "@antv/f6-hammerjs": "^0.0.1",
        "@antv/g-base": "^0.5.9",
        "@antv/g-math": "^0.1.6",
        "@antv/matrix-util": "^3.1.0-beta.1",
        "@antv/path-util": "~2.0.5",
        "@antv/util": "~2.0.13",
        "ansi-styles": "^5.0.0",
        "escape-string-regexp": "^4.0.0",
        "gl-matrix": "^3.0.0",
        "supports-color": "^8.1.0",
        "tslib": "^2.0.3"
      }
    },
    "@antv/matrix-util": {
      "version": "3.1.0-beta.3",
      "resolved": "https://registry.npmjs.org/@antv/matrix-util/-/matrix-util-3.1.0-beta.3.tgz",
      "integrity": "sha512-W2R6Za3A6CmG51Y/4jZUM/tFgYSq7vTqJL1VD9dKrvwxS4sE0ZcXINtkp55CdyBwJ6Cwm8pfoRpnD4FnHahN0A==",
      "requires": {
        "@antv/util": "^2.0.9",
        "gl-matrix": "^3.4.3",
        "tslib": "^2.0.3"
      }
    },
    "@antv/path-util": {
      "version": "2.0.15",
      "resolved": "https://registry.npmjs.org/@antv/path-util/-/path-util-2.0.15.tgz",
      "integrity": "sha512-R2VLZ5C8PLPtr3VciNyxtjKqJ0XlANzpFb5sE9GE61UQqSRuSVSzIakMxjEPrpqbgc+s+y8i+fmc89Snu7qbNw==",
      "requires": {
        "@antv/matrix-util": "^3.0.4",
        "@antv/util": "^2.0.9",
        "tslib": "^2.0.3"
      },
      "dependencies": {
        "@antv/matrix-util": {
          "version": "3.0.4",
          "resolved": "https://registry.npmjs.org/@antv/matrix-util/-/matrix-util-3.0.4.tgz",
          "integrity": "sha512-BAPyu6dUliHcQ7fm9hZSGKqkwcjEDVLVAstlHULLvcMZvANHeLXgHEgV7JqcAV/GIhIz8aZChIlzM1ZboiXpYQ==",
          "requires": {
            "@antv/util": "^2.0.9",
            "gl-matrix": "^3.3.0",
            "tslib": "^2.0.3"
          }
        }
      }
    },
    "@antv/util": {
      "version": "2.0.17",
      "resolved": "https://registry.npmjs.org/@antv/util/-/util-2.0.17.tgz",
      "integrity": "sha512-o6I9hi5CIUvLGDhth0RxNSFDRwXeywmt6ExR4+RmVAzIi48ps6HUy+svxOCayvrPBN37uE6TAc2KDofRo0nK9Q==",
      "requires": {
        "csstype": "^3.0.8",
        "tslib": "^2.0.3"
      }
    },
    "@types/d3-timer": {
      "version": "2.0.1",
      "resolved": "https://registry.npmjs.org/@types/d3-timer/-/d3-timer-2.0.1.tgz",
      "integrity": "sha512-TF8aoF5cHcLO7W7403blM7L1T+6NF3XMyN3fxyUolq2uOcFeicG/khQg/dGxiCJWoAcmYulYN7LYSRKO54IXaA=="
    },
    "ansi-styles": {
      "version": "5.2.0",
      "resolved": "https://registry.npmjs.org/ansi-styles/-/ansi-styles-5.2.0.tgz",
      "integrity": "sha512-Cxwpt2SfTzTtXcfOlzGEee8O+c+MmUgGrNiBcXnuWxuFJHe6a5Hz7qwhwe5OgaSYI0IJvkLqWX1ASG+cJOkEiA=="
    },
    "css-layout": {
      "version": "1.1.1",
      "resolved": "https://registry.npmjs.org/css-layout/-/css-layout-1.1.1.tgz",
      "integrity": "sha512-OzBUBFBbfXsTy0OW7NTRhagNdJ5iQW1WJzv/kqKEGHXQDPzh6bHRKrZJoGreegnevpl4WHnXRyFDA3HZ/BYeOw=="
    },
    "csstype": {
      "version": "3.1.2",
      "resolved": "https://registry.npmjs.org/csstype/-/csstype-3.1.2.tgz",
      "integrity": "sha512-I7K1Uu0MBPzaFKg4nI5Q7Vs2t+3gWWW648spaF+Rg7pI9ds18Ugn+lvg4SHczUdKlHI5LWBXyqfS8+DufyBsgQ=="
    },
    "d3-color": {
      "version": "3.1.0",
      "resolved": "https://registry.npmjs.org/d3-color/-/d3-color-3.1.0.tgz",
      "integrity": "sha512-zg/chbXyeBtMQ1LbD/WSoW2DpC3I0mpmPdW+ynRTj/x2DAWYrIY7qeZIHidozwV24m4iavr15lNwIwLxRmOxhA=="
    },
    "d3-ease": {
      "version": "1.0.7",
      "resolved": "https://registry.npmjs.org/d3-ease/-/d3-ease-1.0.7.tgz",
      "integrity": "sha512-lx14ZPYkhNx0s/2HX5sLFUI3mbasHjSSpwO/KaaNACweVwxUruKyWVcb293wMv1RqTPZyZ8kSZ2NogUZNcLOFQ=="
    },
    "d3-interpolate": {
      "version": "3.0.1",
      "resolved": "https://registry.npmjs.org/d3-interpolate/-/d3-interpolate-3.0.1.tgz",
      "integrity": "sha512-3bYs1rOD33uo8aqJfKP3JWPAibgw8Zm2+L9vBKEHJ2Rg+viTR7o5Mmv5mZcieN+FRYaAOWX5SJATX6k1PWz72g==",
      "requires": {
        "d3-color": "1 - 3"
      }
    },
    "d3-timer": {
      "version": "1.0.10",
      "resolved": "https://registry.npmjs.org/d3-timer/-/d3-timer-1.0.10.tgz",
      "integrity": "sha512-B1JDm0XDaQC+uvo4DT79H0XmBskgS3l6Ve+1SBCfxgmtIb1AVrPIoqd+nPSv+loMX8szQ0sVUhGngL7D5QPiXw=="
    },
    "detect-browser": {
      "version": "5.3.0",
      "resolved": "https://registry.npmjs.org/detect-browser/-/detect-browser-5.3.0.tgz",
      "integrity": "sha512-53rsFbGdwMwlF7qvCt0ypLM5V5/Mbl0szB7GPN8y9NCcbknYOeVVXdrXEq+90IwAfrrzt6Hd+u2E2ntakICU8w=="
    },
    "escape-string-regexp": {
      "version": "4.0.0",
      "resolved": "https://registry.npmjs.org/escape-string-regexp/-/escape-string-regexp-4.0.0.tgz",
      "integrity": "sha512-TtpcNJ3XAzx3Gq8sWRzJaVajRs0uVxA2YAkdb1jm2YkPz4G6egUFAyA3n5vtEIZefPk5Wa4UXbKuS5fKkJWdgA=="
    },
    "gl-matrix": {
      "version": "3.4.3",
      "resolved": "https://registry.npmjs.org/gl-matrix/-/gl-matrix-3.4.3.tgz",
      "integrity": "sha512-wcCp8vu8FT22BnvKVPjXa/ICBWRq/zjFfdofZy1WSpQZpphblv12/bOQLBC1rMM7SGOFS9ltVmKOHil5+Ml7gA=="
    },
    "has-flag": {
      "version": "4.0.0",
      "resolved": "https://registry.npmjs.org/has-flag/-/has-flag-4.0.0.tgz",
      "integrity": "sha512-EykJT/Q1KjTWctppgIAgfSO0tKVuZUjhgMr17kqTumMl6Afv3EISleU7qZUzoXDFTAHTDC4NOoG/ZxU3EvlMPQ=="
    },
    "is-any-array": {
      "version": "2.0.1",
      "resolved": "https://registry.npmjs.org/is-any-array/-/is-any-array-2.0.1.tgz",
      "integrity": "sha512-UtilS7hLRu++wb/WBAw9bNuP1Eg04Ivn1vERJck8zJthEvXCBEBpGR/33u/xLKWEQf95803oalHrVDptcAvFdQ=="
    },
    "lottie-miniprogram": {
      "version": "1.0.12",
      "resolved": "https://registry.npmjs.org/lottie-miniprogram/-/lottie-miniprogram-1.0.12.tgz",
      "integrity": "sha512-2ITtXAyeDXbftvYYe5w0ayl8jTV8laylWMCdJofpka1q205NkjRNj7kX+iIZZ/YjKh1f8plWxb9gSFHkC7BLUQ=="
    },
    "ml-array-max": {
      "version": "1.2.4",
      "resolved": "https://registry.npmjs.org/ml-array-max/-/ml-array-max-1.2.4.tgz",
      "integrity": "sha512-BlEeg80jI0tW6WaPyGxf5Sa4sqvcyY6lbSn5Vcv44lp1I2GR6AWojfUvLnGTNsIXrZ8uqWmo8VcG1WpkI2ONMQ==",
      "requires": {
        "is-any-array": "^2.0.0"
      }
    },
    "ml-array-min": {
      "version": "1.2.3",
      "resolved": "https://registry.npmjs.org/ml-array-min/-/ml-array-min-1.2.3.tgz",
      "integrity": "sha512-VcZ5f3VZ1iihtrGvgfh/q0XlMobG6GQ8FsNyQXD3T+IlstDv85g8kfV0xUG1QPRO/t21aukaJowDzMTc7j5V6Q==",
      "requires": {
        "is-any-array": "^2.0.0"
      }
    },
    "ml-array-rescale": {
      "version": "1.3.7",
      "resolved": "https://registry.npmjs.org/ml-array-rescale/-/ml-array-rescale-1.3.7.tgz",
      "integrity": "sha512-48NGChTouvEo9KBctDfHC3udWnQKNKEWN0ziELvY3KG25GR5cA8K8wNVzracsqSW1QEkAXjTNx+ycgAv06/1mQ==",
      "requires": {
        "is-any-array": "^2.0.0",
        "ml-array-max": "^1.2.4",
        "ml-array-min": "^1.2.3"
      }
    },
    "ml-matrix": {
      "version": "6.10.4",
      "resolved": "https://registry.npmjs.org/ml-matrix/-/ml-matrix-6.10.4.tgz",
      "integrity": "sha512-rUyEhfNPzqFsltYwvjNeYQXlYEaVea3KgzcJKJteQUj2WVAGFx9fLNRjtMR9mg2B6bd5buxlmkZmxM4hmO+SKg==",
      "requires": {
        "is-any-array": "^2.0.0",
        "ml-array-rescale": "^1.3.7"
      }
    },
    "set-cookie-parser": {
      "version": "2.6.0",
      "resolved": "https://registry.npmjs.org/set-cookie-parser/-/set-cookie-parser-2.6.0.tgz",
      "integrity": "sha512-RVnVQxTXuerk653XfuliOxBP81Sf0+qfQE73LIYKcyMYHG94AuH0kgrQpRDuTZnSmjpysHmzxJXKNfa6PjFhyQ=="
    },
    "supports-color": {
      "version": "8.1.1",
      "resolved": "https://registry.npmjs.org/supports-color/-/supports-color-8.1.1.tgz",
      "integrity": "sha512-MpUEN2OodtUzxvKQl72cUF7RQ5EiHsGvSsVG0ia9c5RbWGL2CI4C7EpPS8UTBIplnlzZiNuV56w+FuNxy3ty2Q==",
      "requires": {
        "has-flag": "^4.0.0"
      }
    },
    "tslib": {
      "version": "2.5.0",
      "resolved": "https://registry.npmjs.org/tslib/-/tslib-2.5.0.tgz",
      "integrity": "sha512-336iVw3rtn2BUK7ORdIAHTyxHGRIHVReokCR3XjbckJMK7ms8FysBfhLR8IXnAgy7T0PTPNBWKiH514FOW/WSg=="
    },
    "weapp-cookie": {
      "version": "1.4.8",
      "resolved": "https://registry.npmjs.org/weapp-cookie/-/weapp-cookie-1.4.8.tgz",
      "integrity": "sha512-YksOnCI4mM+MAlAf/5iL0aSzwfePHZTUS9NorL0RerAxJMOpzzrEZrMBF+wKS1usH/UQqkZTMSxjiWs0ZcAE9g==",
      "requires": {
        "set-cookie-parser": "^2.4.8"
      }
    }
  }
}
